
Microsoft Visual Studio Solution File, Format Version 12.00
# Visual Studio Version 17
VisualStudioVersion = 17.0.31903.59
MinimumVisualStudioVersion = 10.0.40219.1
Project("{FAE04EC0-301F-11D3-BF4B-00C04F79EFBC}") = "ThreeChapters.API", "ThreeChapters.API\ThreeChapters.API.csproj", "{4422B1C5-CF7E-4F75-9165-F234137FE063}"
EndProject
Project("{FAE04EC0-301F-11D3-BF4B-00C04F79EFBC}") = "Domain", "Domain\Domain.csproj", "{BED7484B-5DDB-4589-A19C-37BF273FA5CA}"
EndProject
Project("{FAE04EC0-301F-11D3-BF4B-00C04F79EFBC}") = "Infrastructure.Implementation.DataAccess", "Infrastructure.Implementation.DataAccess\Infrastructure.Implementation.DataAccess.csproj", "{0116DCAE-9152-4FC2-B82C-8CD298897127}"
EndProject
Project("{FAE04EC0-301F-11D3-BF4B-00C04F79EFBC}") = "Infrastructure.Interfaces.DataAccess", "Infrastructure.Interfaces.DataAccess\Infrastructure.Interfaces.DataAccess.csproj", "{44A3AB67-A144-4962-9386-91D16CF2EA15}"
EndProject
Project("{2150E333-8FDC-42A3-9474-1A3956D46DE8}") = "src", "src", "{29FD81F2-5CB5-4DD7-9915-C39CAB419674}"
EndProject
Project("{2150E333-8FDC-42A3-9474-1A3956D46DE8}") = "tests", "tests", "{F9E70E53-441E-4848-B2DF-6998D007A268}"
EndProject
Project("{FAE04EC0-301F-11D3-BF4B-00C04F79EFBC}") = "UseCases.UnitTests", "UseCases.UnitTests\UseCases.UnitTests.csproj", "{B26CD138-A8FC-4954-B1D8-C4E80FCE171C}"
EndProject
Project("{FAE04EC0-301F-11D3-BF4B-00C04F79EFBC}") = "UseCases", "UseCases\UseCases.csproj", "{076FCB94-5CE8-43BD-A136-6DD518B03EDA}"
EndProject
Project("{FAE04EC0-301F-11D3-BF4B-00C04F79EFBC}") = "Infrastructure.Tg", "Infrastructure.Tg\Infrastructure.Tg.csproj", "{33A15341-653B-4632-BF4C-B609436ACDE0}"
EndProject
Project("{FAE04EC0-301F-11D3-BF4B-00C04F79EFBC}") = "Infrastructure.Implementation.BackgroundJobs", "Infrastructure.Implementation.BackgroundJobs\Infrastructure.Implementation.BackgroundJobs.csproj", "{5A0989C3-B343-46F3-BBA4-4F35B3747038}"
EndProject
Project("{FAE04EC0-301F-11D3-BF4B-00C04F79EFBC}") = "Controllers", "Controllers\Controllers.csproj", "{B033B61C-62F0-4C0F-AC52-D55FB37C3F49}"
EndProject
Project("{FAE04EC0-301F-11D3-BF4B-00C04F79EFBC}") = "Infrastructure.Interfaces.S3", "Infrastructure.Interfaces.S3\Infrastructure.Interfaces.S3.csproj", "{70F861B6-87C8-4992-9BB5-9F7477B513C0}"
EndProject
Project("{FAE04EC0-301F-11D3-BF4B-00C04F79EFBC}") = "Infrastructure.Implementation.S3", "Infrastructure.Implementation.S3\Infrastructure.Implementation.S3.csproj", "{D6BFF9BD-7716-49FC-8A1B-1790A4D14BE7}"
EndProject
Project("{FAE04EC0-301F-11D3-BF4B-00C04F79EFBC}") = "Framework", "Framework\Framework.csproj", "{79923917-7FC5-4104-9150-3017D4D4123D}"
EndProject
Global
	GlobalSection(SolutionConfigurationPlatforms) = preSolution
		Debug|Any CPU = Debug|Any CPU
		Release|Any CPU = Release|Any CPU
	EndGlobalSection
	GlobalSection(SolutionProperties) = preSolution
		HideSolutionNode = FALSE
	EndGlobalSection
	GlobalSection(ProjectConfigurationPlatforms) = postSolution
		{4422B1C5-CF7E-4F75-9165-F234137FE063}.Debug|Any CPU.ActiveCfg = Debug|Any CPU
		{4422B1C5-CF7E-4F75-9165-F234137FE063}.Debug|Any CPU.Build.0 = Debug|Any CPU
		{4422B1C5-CF7E-4F75-9165-F234137FE063}.Release|Any CPU.ActiveCfg = Release|Any CPU
		{4422B1C5-CF7E-4F75-9165-F234137FE063}.Release|Any CPU.Build.0 = Release|Any CPU
		{BED7484B-5DDB-4589-A19C-37BF273FA5CA}.Debug|Any CPU.ActiveCfg = Debug|Any CPU
		{BED7484B-5DDB-4589-A19C-37BF273FA5CA}.Debug|Any CPU.Build.0 = Debug|Any CPU
		{BED7484B-5DDB-4589-A19C-37BF273FA5CA}.Release|Any CPU.ActiveCfg = Release|Any CPU
		{BED7484B-5DDB-4589-A19C-37BF273FA5CA}.Release|Any CPU.Build.0 = Release|Any CPU
		{0116DCAE-9152-4FC2-B82C-8CD298897127}.Debug|Any CPU.ActiveCfg = Debug|Any CPU
		{0116DCAE-9152-4FC2-B82C-8CD298897127}.Debug|Any CPU.Build.0 = Debug|Any CPU
		{0116DCAE-9152-4FC2-B82C-8CD298897127}.Release|Any CPU.ActiveCfg = Release|Any CPU
		{0116DCAE-9152-4FC2-B82C-8CD298897127}.Release|Any CPU.Build.0 = Release|Any CPU
		{44A3AB67-A144-4962-9386-91D16CF2EA15}.Debug|Any CPU.ActiveCfg = Debug|Any CPU
		{44A3AB67-A144-4962-9386-91D16CF2EA15}.Debug|Any CPU.Build.0 = Debug|Any CPU
		{44A3AB67-A144-4962-9386-91D16CF2EA15}.Release|Any CPU.ActiveCfg = Release|Any CPU
		{44A3AB67-A144-4962-9386-91D16CF2EA15}.Release|Any CPU.Build.0 = Release|Any CPU
		{B26CD138-A8FC-4954-B1D8-C4E80FCE171C}.Debug|Any CPU.ActiveCfg = Debug|Any CPU
		{B26CD138-A8FC-4954-B1D8-C4E80FCE171C}.Debug|Any CPU.Build.0 = Debug|Any CPU
		{B26CD138-A8FC-4954-B1D8-C4E80FCE171C}.Release|Any CPU.ActiveCfg = Release|Any CPU
		{B26CD138-A8FC-4954-B1D8-C4E80FCE171C}.Release|Any CPU.Build.0 = Release|Any CPU
		{076FCB94-5CE8-43BD-A136-6DD518B03EDA}.Debug|Any CPU.ActiveCfg = Debug|Any CPU
		{076FCB94-5CE8-43BD-A136-6DD518B03EDA}.Debug|Any CPU.Build.0 = Debug|Any CPU
		{076FCB94-5CE8-43BD-A136-6DD518B03EDA}.Release|Any CPU.ActiveCfg = Release|Any CPU
		{076FCB94-5CE8-43BD-A136-6DD518B03EDA}.Release|Any CPU.Build.0 = Release|Any CPU
		{33A15341-653B-4632-BF4C-B609436ACDE0}.Debug|Any CPU.ActiveCfg = Debug|Any CPU
		{33A15341-653B-4632-BF4C-B609436ACDE0}.Debug|Any CPU.Build.0 = Debug|Any CPU
		{33A15341-653B-4632-BF4C-B609436ACDE0}.Release|Any CPU.ActiveCfg = Release|Any CPU
		{33A15341-653B-4632-BF4C-B609436ACDE0}.Release|Any CPU.Build.0 = Release|Any CPU
		{5A0989C3-B343-46F3-BBA4-4F35B3747038}.Debug|Any CPU.ActiveCfg = Debug|Any CPU
		{5A0989C3-B343-46F3-BBA4-4F35B3747038}.Debug|Any CPU.Build.0 = Debug|Any CPU
		{5A0989C3-B343-46F3-BBA4-4F35B3747038}.Release|Any CPU.ActiveCfg = Release|Any CPU
		{5A0989C3-B343-46F3-BBA4-4F35B3747038}.Release|Any CPU.Build.0 = Release|Any CPU
		{B033B61C-62F0-4C0F-AC52-D55FB37C3F49}.Debug|Any CPU.ActiveCfg = Debug|Any CPU
		{B033B61C-62F0-4C0F-AC52-D55FB37C3F49}.Debug|Any CPU.Build.0 = Debug|Any CPU
		{B033B61C-62F0-4C0F-AC52-D55FB37C3F49}.Release|Any CPU.ActiveCfg = Release|Any CPU
		{B033B61C-62F0-4C0F-AC52-D55FB37C3F49}.Release|Any CPU.Build.0 = Release|Any CPU
		{70F861B6-87C8-4992-9BB5-9F7477B513C0}.Debug|Any CPU.ActiveCfg = Debug|Any CPU
		{70F861B6-87C8-4992-9BB5-9F7477B513C0}.Debug|Any CPU.Build.0 = Debug|Any CPU
		{70F861B6-87C8-4992-9BB5-9F7477B513C0}.Release|Any CPU.ActiveCfg = Release|Any CPU
		{70F861B6-87C8-4992-9BB5-9F7477B513C0}.Release|Any CPU.Build.0 = Release|Any CPU
		{D6BFF9BD-7716-49FC-8A1B-1790A4D14BE7}.Debug|Any CPU.ActiveCfg = Debug|Any CPU
		{D6BFF9BD-7716-49FC-8A1B-1790A4D14BE7}.Debug|Any CPU.Build.0 = Debug|Any CPU
		{D6BFF9BD-7716-49FC-8A1B-1790A4D14BE7}.Release|Any CPU.ActiveCfg = Release|Any CPU
		{D6BFF9BD-7716-49FC-8A1B-1790A4D14BE7}.Release|Any CPU.Build.0 = Release|Any CPU
		{79923917-7FC5-4104-9150-3017D4D4123D}.Debug|Any CPU.ActiveCfg = Debug|Any CPU
		{79923917-7FC5-4104-9150-3017D4D4123D}.Debug|Any CPU.Build.0 = Debug|Any CPU
		{79923917-7FC5-4104-9150-3017D4D4123D}.Release|Any CPU.ActiveCfg = Release|Any CPU
		{79923917-7FC5-4104-9150-3017D4D4123D}.Release|Any CPU.Build.0 = Release|Any CPU
	EndGlobalSection
	GlobalSection(NestedProjects) = preSolution
		{BED7484B-5DDB-4589-A19C-37BF273FA5CA} = {29FD81F2-5CB5-4DD7-9915-C39CAB419674}
		{0116DCAE-9152-4FC2-B82C-8CD298897127} = {29FD81F2-5CB5-4DD7-9915-C39CAB419674}
		{44A3AB67-A144-4962-9386-91D16CF2EA15} = {29FD81F2-5CB5-4DD7-9915-C39CAB419674}
		{B26CD138-A8FC-4954-B1D8-C4E80FCE171C} = {F9E70E53-441E-4848-B2DF-6998D007A268}
		{076FCB94-5CE8-43BD-A136-6DD518B03EDA} = {29FD81F2-5CB5-4DD7-9915-C39CAB419674}
		{33A15341-653B-4632-BF4C-B609436ACDE0} = {29FD81F2-5CB5-4DD7-9915-C39CAB419674}
		{5A0989C3-B343-46F3-BBA4-4F35B3747038} = {29FD81F2-5CB5-4DD7-9915-C39CAB419674}
		{B033B61C-62F0-4C0F-AC52-D55FB37C3F49} = {29FD81F2-5CB5-4DD7-9915-C39CAB419674}
		{70F861B6-87C8-4992-9BB5-9F7477B513C0} = {29FD81F2-5CB5-4DD7-9915-C39CAB419674}
		{D6BFF9BD-7716-49FC-8A1B-1790A4D14BE7} = {29FD81F2-5CB5-4DD7-9915-C39CAB419674}
		{79923917-7FC5-4104-9150-3017D4D4123D} = {29FD81F2-5CB5-4DD7-9915-C39CAB419674}
	EndGlobalSection
EndGlobal
